
Microsoft Visual Studio Solution File, Format Version 12.00
# Visual Studio Version 17
VisualStudioVersion = 17.10.35004.147
MinimumVisualStudioVersion = 10.0.40219.1
Project("{FAE04EC0-301F-11D3-BF4B-00C04F79EFBC}") = "Prosiglieri.Blog.API", "Prosiglieri.Blog.API\Prosiglieri.Blog.API.csproj", "{56B865D4-3C61-4F79-B963-7933B09D2212}"
EndProject
Project("{FAE04EC0-301F-11D3-BF4B-00C04F79EFBC}") = "Prosiglieri.Blog.Application", "Prosiglieri.Blog.Application\Prosiglieri.Blog.Application.csproj", "{A43E4484-8DBA-4582-8C1C-8BB712448A04}"
EndProject
Global
	GlobalSection(SolutionConfigurationPlatforms) = preSolution
		Debug|Any CPU = Debug|Any CPU
		Release|Any CPU = Release|Any CPU
	EndGlobalSection
	GlobalSection(ProjectConfigurationPlatforms) = postSolution
		{56B865D4-3C61-4F79-B963-7933B09D2212}.Debug|Any CPU.ActiveCfg = Debug|Any CPU
		{56B865D4-3C61-4F79-B963-7933B09D2212}.Debug|Any CPU.Build.0 = Debug|Any CPU
		{56B865D4-3C61-4F79-B963-7933B09D2212}.Release|Any CPU.ActiveCfg = Release|Any CPU
		{56B865D4-3C61-4F79-B963-7933B09D2212}.Release|Any CPU.Build.0 = Release|Any CPU
		{A43E4484-8DBA-4582-8C1C-8BB712448A04}.Debug|Any CPU.ActiveCfg = Debug|Any CPU
		{A43E4484-8DBA-4582-8C1C-8BB712448A04}.Debug|Any CPU.Build.0 = Debug|Any CPU
		{A43E4484-8DBA-4582-8C1C-8BB712448A04}.Release|Any CPU.ActiveCfg = Release|Any CPU
		{A43E4484-8DBA-4582-8C1C-8BB712448A04}.Release|Any CPU.Build.0 = Release|Any CPU
	EndGlobalSection
	GlobalSection(SolutionProperties) = preSolution
		HideSolutionNode = FALSE
	EndGlobalSection
	GlobalSection(ExtensibilityGlobals) = postSolution
		SolutionGuid = {9D2BC35D-A2EB-4BF0-A1E9-3EA370AA69EE}
	EndGlobalSection
EndGlobal
